
Microsoft Visual Studio Solution File, Format Version 12.00
# Visual Studio Version 16
VisualStudioVersion = 16.0.31702.278
MinimumVisualStudioVersion = 10.0.40219.1
Project("{FAE04EC0-301F-11D3-BF4B-00C04F79EFBC}") = "SynapseXUI", "SynapseXUI\SynapseXUI.csproj", "{F4316A01-3C01-4D77-97FB-87602EFEDEE9}"
EndProject
Project("{FAE04EC0-301F-11D3-BF4B-00C04F79EFBC}") = "SynapseXUI.Entities", "SynapseXUI.Entities\SynapseXUI.Entities.csproj", "{E3806735-EE40-4328-AAFC-680FEC010D59}"
EndProject
Global
	GlobalSection(SolutionConfigurationPlatforms) = preSolution
		Debug|Any CPU = Debug|Any CPU
		Debug|x86 = Debug|x86
		Release|Any CPU = Release|Any CPU
		Release|x86 = Release|x86
	EndGlobalSection
	GlobalSection(ProjectConfigurationPlatforms) = postSolution
		{F4316A01-3C01-4D77-97FB-87602EFEDEE9}.Debug|Any CPU.ActiveCfg = Debug|Any CPU
		{F4316A01-3C01-4D77-97FB-87602EFEDEE9}.Debug|Any CPU.Build.0 = Debug|Any CPU
		{F4316A01-3C01-4D77-97FB-87602EFEDEE9}.Debug|x86.ActiveCfg = Debug|x86
		{F4316A01-3C01-4D77-97FB-87602EFEDEE9}.Debug|x86.Build.0 = Debug|x86
		{F4316A01-3C01-4D77-97FB-87602EFEDEE9}.Release|Any CPU.ActiveCfg = Release|Any CPU
		{F4316A01-3C01-4D77-97FB-87602EFEDEE9}.Release|Any CPU.Build.0 = Release|Any CPU
		{F4316A01-3C01-4D77-97FB-87602EFEDEE9}.Release|x86.ActiveCfg = Release|x86
		{F4316A01-3C01-4D77-97FB-87602EFEDEE9}.Release|x86.Build.0 = Release|x86
		{E3806735-EE40-4328-AAFC-680FEC010D59}.Debug|Any CPU.ActiveCfg = Debug|Any CPU
		{E3806735-EE40-4328-AAFC-680FEC010D59}.Debug|Any CPU.Build.0 = Debug|Any CPU
		{E3806735-EE40-4328-AAFC-680FEC010D59}.Debug|x86.ActiveCfg = Debug|x86
		{E3806735-EE40-4328-AAFC-680FEC010D59}.Debug|x86.Build.0 = Debug|x86
		{E3806735-EE40-4328-AAFC-680FEC010D59}.Release|Any CPU.ActiveCfg = Release|Any CPU
		{E3806735-EE40-4328-AAFC-680FEC010D59}.Release|Any CPU.Build.0 = Release|Any CPU
		{E3806735-EE40-4328-AAFC-680FEC010D59}.Release|x86.ActiveCfg = Release|x86
		{E3806735-EE40-4328-AAFC-680FEC010D59}.Release|x86.Build.0 = Release|x86
	EndGlobalSection
	GlobalSection(SolutionProperties) = preSolution
		HideSolutionNode = FALSE
	EndGlobalSection
	GlobalSection(ExtensibilityGlobals) = postSolution
		SolutionGuid = {A951486C-92BA-478B-B62E-9C37792C9E2F}
	EndGlobalSection
EndGlobal
